
Microsoft Visual Studio Solution File, Format Version 12.00
# Visual Studio Version 16
VisualStudioVersion = 16.0.30413.136
MinimumVisualStudioVersion = 10.0.40219.1
Project("{9A19103F-16F7-4668-BE54-9A1E7A4F7556}") = "ChessConsole", "ChessConsole\ChessConsole.csproj", "{0F2E9476-EB61-497A-B7B1-F127E82DD065}"
EndProject
Project("{FAE04EC0-301F-11D3-BF4B-00C04F79EFBC}") = "Tests", "Tests\Tests.csproj", "{BEFF9027-357C-4E04-80E9-A69ACAC435AF}"
EndProject
Global
	GlobalSection(SolutionConfigurationPlatforms) = preSolution
		Debug|Any CPU = Debug|Any CPU
		Release|Any CPU = Release|Any CPU
	EndGlobalSection
	GlobalSection(ProjectConfigurationPlatforms) = postSolution
		{0F2E9476-EB61-497A-B7B1-F127E82DD065}.Debug|Any CPU.ActiveCfg = Debug|Any CPU
		{0F2E9476-EB61-497A-B7B1-F127E82DD065}.Debug|Any CPU.Build.0 = Debug|Any CPU
		{0F2E9476-EB61-497A-B7B1-F127E82DD065}.Release|Any CPU.ActiveCfg = Release|Any CPU
		{0F2E9476-EB61-497A-B7B1-F127E82DD065}.Release|Any CPU.Build.0 = Release|Any CPU
		{BEFF9027-357C-4E04-80E9-A69ACAC435AF}.Debug|Any CPU.ActiveCfg = Debug|Any CPU
		{BEFF9027-357C-4E04-80E9-A69ACAC435AF}.Debug|Any CPU.Build.0 = Debug|Any CPU
		{BEFF9027-357C-4E04-80E9-A69ACAC435AF}.Release|Any CPU.ActiveCfg = Release|Any CPU
		{BEFF9027-357C-4E04-80E9-A69ACAC435AF}.Release|Any CPU.Build.0 = Release|Any CPU
	EndGlobalSection
	GlobalSection(SolutionProperties) = preSolution
		HideSolutionNode = FALSE
	EndGlobalSection
	GlobalSection(ExtensibilityGlobals) = postSolution
		SolutionGuid = {77CC0092-AC6A-4BD5-84FA-775613A899BF}
	EndGlobalSection
EndGlobal
